
Microsoft Visual Studio Solution File, Format Version 12.00
# Visual Studio Version 17
VisualStudioVersion = 17.5.002.0
MinimumVisualStudioVersion = 10.0.40219.1
Project("{9A19103F-16F7-4668-BE54-9A1E7A4F7556}") = "TarefasApi", "TarefasApi.csproj", "{25D4F6FF-BDB0-4B38-B59F-F6C97C629788}"
EndProject
Global
	GlobalSection(SolutionConfigurationPlatforms) = preSolution
		Debug|Any CPU = Debug|Any CPU
		Release|Any CPU = Release|Any CPU
	EndGlobalSection
	GlobalSection(ProjectConfigurationPlatforms) = postSolution
		{25D4F6FF-BDB0-4B38-B59F-F6C97C629788}.Debug|Any CPU.ActiveCfg = Debug|Any CPU
		{25D4F6FF-BDB0-4B38-B59F-F6C97C629788}.Debug|Any CPU.Build.0 = Debug|Any CPU
		{25D4F6FF-BDB0-4B38-B59F-F6C97C629788}.Release|Any CPU.ActiveCfg = Release|Any CPU
		{25D4F6FF-BDB0-4B38-B59F-F6C97C629788}.Release|Any CPU.Build.0 = Release|Any CPU
	EndGlobalSection
	GlobalSection(SolutionProperties) = preSolution
		HideSolutionNode = FALSE
	EndGlobalSection
	GlobalSection(ExtensibilityGlobals) = postSolution
		SolutionGuid = {26082A7B-DE87-4E1F-88D2-CB9AA5C88434}
	EndGlobalSection
EndGlobal
